// !$*UTF8*$!
{
	archiveVersion = 1;
	classes = {
	};
	objectVersion = 46;
	objects = {

/* Begin PBXBuildFile section */
		0D31EBE31A7FCB10003E5269 /* main.m in Sources */ = {isa = PBXBuildFile; fileRef = 0D31EBE21A7FCB10003E5269 /* main.m */; };
/* End PBXBuildFile section */

/* Begin PBXCopyFilesBuildPhase section */
		0D31EBDD1A7FCB10003E5269 /* CopyFiles */ = {
			isa = PBXCopyFilesBuildPhase;
			buildActionMask = 2147483647;
			dstPath = /usr/share/man/man1/;
			dstSubfolderSpec = 0;
			files = (
			);
			runOnlyForDeploymentPostprocessing = 1;
		};
/* End PBXCopyFilesBuildPhase section */

/* Begin PBXFileReference section */
		0D31EBDF1A7FCB10003E5269 /* BOOL Party */ = {isa = PBXFileReference; explicitFileType = "compiled.mach-o.executable"; includeInIndex = 0; path = "BOOL Party"; sourceTree = BUILT_PRODUCTS_DIR; };
		0D31EBE21A7FCB10003E5269 /* main.m */ = {isa = PBXFileReference; lastKnownFileType = sourcecode.c.objc; path = main.m; sourceTree = "<group>"; };
/* End PBXFileReference section */

/* Begin PBXFrameworksBuildPhase section */
		0D31EBDC1A7FCB10003E5269 /* Frameworks */ = {
			isa = PBXFrameworksBuildPhase;
			buildActionMask = 2147483647;
			files = (
			);
			runOnlyForDeploymentPostprocessing = 0;
		};
/* End PBXFrameworksBuildPhase section */

/* Begin PBXGroup section */
		0D31EBD61A7FCB10003E5269 = {
			isa = PBXGroup;
			children = (
				0D31EBE11A7FCB10003E5269 /* BOOL Party */,
				0D31EBE01A7FCB10003E5269 /* Products */,
			);
			sourceTree = "<group>";
		};
		0D31EBE01A7FCB10003E5269 /* Products */ = {
			isa = PBXGroup;
			children = (
				0D31EBDF1A7FCB10003E5269 /* BOOL Party */,
			);
			name = Products;
			sourceTree = "<group>";
		};
		0D31EBE11A7FCB10003E5269 /* BOOL Party */ = {
			isa = PBXGroup;
			children = (
				0D31EBE21A7FCB10003E5269 /* main.m */,
			);
			path = "BOOL Party";
			sourceTree = "<group>";
		};
/* End PBXGroup section */

/* Begin PBXNativeTarget section */
		0D31EBDE1A7FCB10003E5269 /* BOOL Party */ = {
			isa = PBXNativeTarget;
			buildConfigurationList = 0D31EBE61A7FCB10003E5269 /* Build configuration list for PBXNativeTarget "BOOL Party" */;
			buildPhases = (
				0D31EBDB1A7FCB10003E5269 /* Sources */,
				0D31EBDC1A7FCB10003E5269 /* Frameworks */,
				0D31EBDD1A7FCB10003E5269 /* CopyFiles */,
			);
			buildRules = (
			);
			dependencies = (
			);
			name = "BOOL Party";
			productName = "BOOL Party";
			productReference = 0D31EBDF1A7FCB10003E5269 /* BOOL Party */;
			productType = "com.apple.product-type.tool";
		};
/* End PBXNativeTarget section */

/* Begin PBXProject section */
		0D31EBD71A7FCB10003E5269 /* Project object */ = {
			isa = PBXProject;
			attributes = {
				LastUpgradeCheck = 0610;
				ORGANIZATIONNAME = Walker;
				TargetAttributes = {
					0D31EBDE1A7FCB10003E5269 = {
						CreatedOnToolsVersion = 6.1.1;
					};
				};
			};
			buildConfigurationList = 0D31EBDA1A7FCB10003E5269 /* Build configuration list for PBXProject "BOOL Party" */;
			compatibilityVersion = "Xcode 3.2";
			developmentRegion = English;
			hasScannedForEncodings = 0;
			knownRegions = (
				en,
			);
			mainGroup = 0D31EBD61A7FCB10003E5269;
			productRefGroup = 0D31EBE01A7FCB10003E5269 /* Products */;
			projectDirPath = "";
			projectRoot = "";
			targets = (
				0D31EBDE1A7FCB10003E5269 /* BOOL Party */,
			);
		};
/* End PBXProject section */

/* Begin PBXSourcesBuildPhase section */
		0D31EBDB1A7FCB10003E5269 /* Sources */ = {
			isa = PBXSourcesBuildPhase;
			buildActionMask = 2147483647;
			files = (
				0D31EBE31A7FCB10003E5269 /* main.m in Sources */,
			);
			runOnlyForDeploymentPostprocessing = 0;
		};
/* End PBXSourcesBuildPhase section */

/* Begin XCBuildConfiguration section */
		0D31EBE41A7FCB10003E5269 /* Debug */ = {
			isa = XCBuildConfiguration;
			buildSettings = {
				ALWAYS_SEARCH_USER_PATHS = NO;
				CLANG_CXX_LANGUAGE_STANDARD = "gnu++0x";
				CLANG_CXX_LIBRARY = "libc++";
				CLANG_ENABLE_MODULES = YES;
				CLANG_ENABLE_OBJC_ARC = YES;
				CLANG_WARN_BOOL_CONVERSION = YES;
				CLANG_WARN_CONSTANT_CONVERSION = YES;
				CLANG_WARN_DIRECT_OBJC_ISA_USAGE = YES_ERROR;
				CLANG_WARN_EMPTY_BODY = YES;
				CLANG_WARN_ENUM_CONVERSION = YES;
				CLANG_WARN_INT_CONVERSION = YES;
				CLANG_WARN_OBJC_ROOT_CLASS = YES_ERROR;
				CLANG_WARN_UNREACHABLE_CODE = YES;
				CLANG_WARN__DUPLICATE_METHOD_MATCH = YES;
				COPY_PHASE_STRIP = NO;
				ENABLE_STRICT_OBJC_MSGSEND = YES;
				GCC_C_LANGUAGE_STANDARD = gnu99;
				GCC_DYNAMIC_NO_PIC = NO;
				GCC_OPTIMIZATION_LEVEL = 0;
				GCC_PREPROCESSOR_DEFINITIONS = (
					"DEBUG=1",
					"$(inherited)",
				);
				GCC_SYMBOLS_PRIVATE_EXTERN = NO;
				GCC_WARN_64_TO_32_BIT_CONVERSION = YES;
				GCC_WARN_ABOUT_RETURN_TYPE = YES_ERROR;
				GCC_WARN_UNDECLARED_SELECTOR = YES;
				GCC_WARN_UNINITIALIZED_AUTOS = YES_AGGRESSIVE;
				GCC_WARN_UNUSED_FUNCTION = YES;
				GCC_WARN_UNUSED_VARIABLE = YES;
				MACOSX_DEPLOYMENT_TARGET = 10.10;
				MTL_ENABLE_DEBUG_INFO = YES;
				ONLY_ACTIVE_ARCH = YES;
				SDKROOT = macosx;
			};
			name = Debug;
		};
		0D31EBE51A7FCB10003E5269 /* Release */ = {
			isa = XCBuildConfiguration;
			buildSettings = {
				ALWAYS_SEARCH_USER_PATHS = NO;
				CLANG_CXX_LANGUAGE_STANDARD = "gnu++0x";
				CLANG_CXX_LIBRARY = "libc++";
				CLANG_ENABLE_MODULES = YES;
				CLANG_ENABLE_OBJC_ARC = YES;
				CLANG_WARN_BOOL_CONVERSION = YES;
				CLANG_WARN_CONSTANT_CONVERSION = YES;
				CLANG_WARN_DIRECT_OBJC_ISA_USAGE = YES_ERROR;
				CLANG_WARN_EMPTY_BODY = YES;
				CLANG_WARN_ENUM_CONVERSION = YES;
				CLANG_WARN_INT_CONVERSION = YES;
				CLANG_WARN_OBJC_ROOT_CLASS = YES_ERROR;
				CLANG_WARN_UNREACHABLE_CODE = YES;
				CLANG_WARN__DUPLICATE_METHOD_MATCH = YES;
				COPY_PHASE_STRIP = YES;
				DEBUG_INFORMATION_FORMAT = "dwarf-with-dsym";
				ENABLE_NS_ASSERTIONS = NO;
				ENABLE_STRICT_OBJC_MSGSEND = YES;
				GCC_C_LANGUAGE_STANDARD = gnu99;
				GCC_WARN_64_TO_32_BIT_CONVERSION = YES;
				GCC_WARN_ABOUT_RETURN_TYPE = YES_ERROR;
				GCC_WARN_UNDECLARED_SELECTOR = YES;
				GCC_WARN_UNINITIALIZED_AUTOS = YES_AGGRESSIVE;
				GCC_WARN_UNUSED_FUNCTION = YES;
				GCC_WARN_UNUSED_VARIABLE = YES;
				MACOSX_DEPLOYMENT_TARGET = 10.10;
				MTL_ENABLE_DEBUG_INFO = NO;
				SDKROOT = macosx;
			};
			name = Release;
		};
		0D31EBE71A7FCB10003E5269 /* Debug */ = {
			isa = XCBuildConfiguration;
			buildSettings = {
				PRODUCT_NAME = "$(TARGET_NAME)";
			};
			name = Debug;
		};
		0D31EBE81A7FCB10003E5269 /* Release */ = {
			isa = XCBuildConfiguration;
			buildSettings = {
				PRODUCT_NAME = "$(TARGET_NAME)";
			};
			name = Release;
		};
/* End XCBuildConfiguration section */

/* Begin XCConfigurationList section */
		0D31EBDA1A7FCB10003E5269 /* Build configuration list for PBXProject "BOOL Party" */ = {
			isa = XCConfigurationList;
			buildConfigurations = (
				0D31EBE41A7FCB10003E5269 /* Debug */,
				0D31EBE51A7FCB10003E5269 /* Release */,
			);
			defaultConfigurationIsVisible = 0;
			defaultConfigurationName = Release;
		};
		0D31EBE61A7FCB10003E5269 /* Build configuration list for PBXNativeTarget "BOOL Party" */ = {
			isa = XCConfigurationList;
			buildConfigurations = (
				0D31EBE71A7FCB10003E5269 /* Debug */,
				0D31EBE81A7FCB10003E5269 /* Release */,
			);
			defaultConfigurationIsVisible = 0;
		};
/* End XCConfigurationList section */
	};
	rootObject = 0D31EBD71A7FCB10003E5269 /* Project object */;
}
